schema: '2.0'
stages:
  complete-hackernews:
    cmd: datazimmer run-step complete-hackernews
    deps:
    - path: src/hackernews.py
      md5: c391ac078d133a4ca6dfc1cdd35a3f02
      size: 1723
    params:
      zimmer.yaml:
        cron_bumps.complete-hackernews: 270
    outs:
    - path: data/articles/hackernews/complete/post
      md5: 183a5b9a888dcb993831e2c5633d78f8.dir
      size: 12157
      nfiles: 1
