schema: '2.0'
stages:
  complete-hackernews:
    cmd: datazimmer run-step complete-hackernews
    deps:
    - path: src/hackernews.py
      md5: c391ac078d133a4ca6dfc1cdd35a3f02
      size: 1723
    params:
      zimmer.yaml:
        cron_bumps.complete-hackernews: 433
    outs:
    - path: data/articles/hackernews/complete/post
      md5: dbf74ee286e6d6eb776e9e014d1feef5.dir
      size: 433043
      nfiles: 2
