schema: '2.0'
stages:
  complete-hackernews:
    cmd: datazimmer run-step complete-hackernews
    deps:
    - path: src/hackernews.py
      md5: e843dfdfe93b81803b8b51347ac2d243
      size: 1821
    params:
      zimmer.yaml:
        cron_bumps.complete-hackernews: 947
    outs:
    - path: data/articles/hackernews/complete/post
      md5: 790fcd911660f315feb447c554b61880.dir
      size: 604183
      nfiles: 2
  complete-repec:
    cmd: datazimmer run-step complete-repec
    deps:
    - path: src/repec.py
      md5: dfa3f51637a7751a37f1fe6fc016257c
      size: 8097
    params:
      zimmer.yaml:
        cron_bumps.complete-repec: 1
    outs:
    - path: data/articles/repec/complete
      md5: 62c56f8f0589c35317eb9b0ecef5971b.dir
      size: 292512225
      nfiles: 6
  minimal-hackernews:
    cmd: datazimmer run-step minimal-hackernews
    deps:
    - path: src/hackernews.py
      md5: e843dfdfe93b81803b8b51347ac2d243
      size: 1821
    params:
      zimmer.yaml:
        cron_bumps.minimal-hackernews: 274
    outs:
    - path: data/articles/hackernews/minimal/post
      md5: 15ab04dec0981c7c6c1480bd82b2107a.dir
      size: 118818
      nfiles: 1
  minimal-repec:
    cmd: datazimmer run-step minimal-repec
    deps:
    - path: data/articles/repec/complete
      md5: 62c56f8f0589c35317eb9b0ecef5971b.dir
      size: 292512225
      nfiles: 6
    - path: src/repec.py
      md5: dfa3f51637a7751a37f1fe6fc016257c
      size: 8097
    params:
      zimmer.yaml:
        envs.minimal.params.repec.abstract_chars: 150
        envs.minimal.params.repec.min_papers_per_author: 3
    outs:
    - path: data/articles/repec/minimal
      md5: ac30ec6613711bf05aef9124864a440c.dir
      size: 81879937
      nfiles: 6
